
Microsoft Visual Studio Solution File, Format Version 12.00
# Visual Studio Version 16
VisualStudioVersion = 16.0.30804.86
MinimumVisualStudioVersion = 10.0.40219.1
Project("{FAE04EC0-301F-11D3-BF4B-00C04F79EFBC}") = "PubApp_WPF", "PubApp_WPF\PubApp_WPF.csproj", "{B2FE9FCD-9DAF-4C50-9B55-C138F2C326D5}"
EndProject
Global
	GlobalSection(SolutionConfigurationPlatforms) = preSolution
		Debug|Any CPU = Debug|Any CPU
		Release|Any CPU = Release|Any CPU
	EndGlobalSection
	GlobalSection(ProjectConfigurationPlatforms) = postSolution
		{B2FE9FCD-9DAF-4C50-9B55-C138F2C326D5}.Debug|Any CPU.ActiveCfg = Debug|Any CPU
		{B2FE9FCD-9DAF-4C50-9B55-C138F2C326D5}.Debug|Any CPU.Build.0 = Debug|Any CPU
		{B2FE9FCD-9DAF-4C50-9B55-C138F2C326D5}.Release|Any CPU.ActiveCfg = Release|Any CPU
		{B2FE9FCD-9DAF-4C50-9B55-C138F2C326D5}.Release|Any CPU.Build.0 = Release|Any CPU
	EndGlobalSection
	GlobalSection(SolutionProperties) = preSolution
		HideSolutionNode = FALSE
	EndGlobalSection
	GlobalSection(ExtensibilityGlobals) = postSolution
		SolutionGuid = {49C73D76-5FF3-405F-926C-5FAAEC44B133}
	EndGlobalSection
EndGlobal
